
Microsoft Visual Studio Solution File, Format Version 12.00
Project("{FAE04EC0-301F-11D3-BF4B-00C04F79EFBC}") = "IP_3", "IP_3.csproj", "{E8D8B463-BBF6-49A1-A674-A510287C5372}"
EndProject
Global
	GlobalSection(SolutionConfigurationPlatforms) = preSolution
		Debug|Any CPU = Debug|Any CPU
		Release|Any CPU = Release|Any CPU
	EndGlobalSection
	GlobalSection(ProjectConfigurationPlatforms) = postSolution
		{E8D8B463-BBF6-49A1-A674-A510287C5372}.Debug|Any CPU.ActiveCfg = Debug|Any CPU
		{E8D8B463-BBF6-49A1-A674-A510287C5372}.Debug|Any CPU.Build.0 = Debug|Any CPU
		{E8D8B463-BBF6-49A1-A674-A510287C5372}.Release|Any CPU.ActiveCfg = Release|Any CPU
		{E8D8B463-BBF6-49A1-A674-A510287C5372}.Release|Any CPU.Build.0 = Release|Any CPU
	EndGlobalSection
EndGlobal
